// !$*UTF8*$!
{
	archiveVersion = 1;
	classes = {
	};
	objectVersion = 46;
	objects = {

/* Begin PBXBuildFile section */
		187AB1CD1F83D1B400EB91C9 /* costoCrociera.cp in Sources */ = {isa = PBXBuildFile; fileRef = 187AB1CC1F83D1B400EB91C9 /* costoCrociera.cp */; };
/* End PBXBuildFile section */

/* Begin PBXCopyFilesBuildPhase section */
		187AB1C71F83D1B400EB91C9 /* CopyFiles */ = {
			isa = PBXCopyFilesBuildPhase;
			buildActionMask = 2147483647;
			dstPath = /usr/share/man/man1/;
			dstSubfolderSpec = 0;
			files = (
			);
			runOnlyForDeploymentPostprocessing = 1;
		};
/* End PBXCopyFilesBuildPhase section */

/* Begin PBXFileReference section */
		187AB1C91F83D1B400EB91C9 /* costoCrociera */ = {isa = PBXFileReference; explicitFileType = "compiled.mach-o.executable"; includeInIndex = 0; path = costoCrociera; sourceTree = BUILT_PRODUCTS_DIR; };
		187AB1CC1F83D1B400EB91C9 /* costoCrociera.cp */ = {isa = PBXFileReference; lastKnownFileType = sourcecode.cpp.cpp; path = costoCrociera.cp; sourceTree = "<group>"; };
/* End PBXFileReference section */

/* Begin PBXFrameworksBuildPhase section */
		187AB1C61F83D1B400EB91C9 /* Frameworks */ = {
			isa = PBXFrameworksBuildPhase;
			buildActionMask = 2147483647;
			files = (
			);
			runOnlyForDeploymentPostprocessing = 0;
		};
/* End PBXFrameworksBuildPhase section */

/* Begin PBXGroup section */
		187AB1C01F83D1B400EB91C9 = {
			isa = PBXGroup;
			children = (
				187AB1CB1F83D1B400EB91C9 /* costoCrociera */,
				187AB1CA1F83D1B400EB91C9 /* Products */,
			);
			sourceTree = "<group>";
		};
		187AB1CA1F83D1B400EB91C9 /* Products */ = {
			isa = PBXGroup;
			children = (
				187AB1C91F83D1B400EB91C9 /* costoCrociera */,
			);
			name = Products;
			sourceTree = "<group>";
		};
		187AB1CB1F83D1B400EB91C9 /* costoCrociera */ = {
			isa = PBXGroup;
			children = (
				187AB1CC1F83D1B400EB91C9 /* costoCrociera.cp */,
			);
			path = costoCrociera;
			sourceTree = "<group>";
		};
/* End PBXGroup section */

/* Begin PBXNativeTarget section */
		187AB1C81F83D1B400EB91C9 /* costoCrociera */ = {
			isa = PBXNativeTarget;
			buildConfigurationList = 187AB1D01F83D1B400EB91C9 /* Build configuration list for PBXNativeTarget "costoCrociera" */;
			buildPhases = (
				187AB1C51F83D1B400EB91C9 /* Sources */,
				187AB1C61F83D1B400EB91C9 /* Frameworks */,
				187AB1C71F83D1B400EB91C9 /* CopyFiles */,
			);
			buildRules = (
			);
			dependencies = (
			);
			name = costoCrociera;
			productName = costoCrociera;
			productReference = 187AB1C91F83D1B400EB91C9 /* costoCrociera */;
			productType = "com.apple.product-type.tool";
		};
/* End PBXNativeTarget section */

/* Begin PBXProject section */
		187AB1C11F83D1B400EB91C9 /* Project object */ = {
			isa = PBXProject;
			attributes = {
				LastUpgradeCheck = 0730;
				ORGANIZATIONNAME = costoCrociera;
				TargetAttributes = {
					187AB1C81F83D1B400EB91C9 = {
						CreatedOnToolsVersion = 7.3.1;
					};
				};
			};
			buildConfigurationList = 187AB1C41F83D1B400EB91C9 /* Build configuration list for PBXProject "costoCrociera" */;
			compatibilityVersion = "Xcode 3.2";
			developmentRegion = English;
			hasScannedForEncodings = 0;
			knownRegions = (
				en,
			);
			mainGroup = 187AB1C01F83D1B400EB91C9;
			productRefGroup = 187AB1CA1F83D1B400EB91C9 /* Products */;
			projectDirPath = "";
			projectRoot = "";
			targets = (
				187AB1C81F83D1B400EB91C9 /* costoCrociera */,
			);
		};
/* End PBXProject section */

/* Begin PBXSourcesBuildPhase section */
		187AB1C51F83D1B400EB91C9 /* Sources */ = {
			isa = PBXSourcesBuildPhase;
			buildActionMask = 2147483647;
			files = (
				187AB1CD1F83D1B400EB91C9 /* costoCrociera.cp in Sources */,
			);
			runOnlyForDeploymentPostprocessing = 0;
		};
/* End PBXSourcesBuildPhase section */

/* Begin XCBuildConfiguration section */
		187AB1CE1F83D1B400EB91C9 /* Debug */ = {
			isa = XCBuildConfiguration;
			buildSettings = {
				ALWAYS_SEARCH_USER_PATHS = NO;
				CLANG_ANALYZER_NONNULL = YES;
				CLANG_CXX_LANGUAGE_STANDARD = "gnu++0x";
				CLANG_CXX_LIBRARY = "libc++";
				CLANG_ENABLE_MODULES = YES;
				CLANG_ENABLE_OBJC_ARC = YES;
				CLANG_WARN_BOOL_CONVERSION = YES;
				CLANG_WARN_CONSTANT_CONVERSION = YES;
				CLANG_WARN_DIRECT_OBJC_ISA_USAGE = YES_ERROR;
				CLANG_WARN_EMPTY_BODY = YES;
				CLANG_WARN_ENUM_CONVERSION = YES;
				CLANG_WARN_INT_CONVERSION = YES;
				CLANG_WARN_OBJC_ROOT_CLASS = YES_ERROR;
				CLANG_WARN_UNREACHABLE_CODE = YES;
				CLANG_WARN__DUPLICATE_METHOD_MATCH = YES;
				CODE_SIGN_IDENTITY = "-";
				COPY_PHASE_STRIP = NO;
				DEBUG_INFORMATION_FORMAT = dwarf;
				ENABLE_STRICT_OBJC_MSGSEND = YES;
				ENABLE_TESTABILITY = YES;
				GCC_C_LANGUAGE_STANDARD = gnu99;
				GCC_DYNAMIC_NO_PIC = NO;
				GCC_NO_COMMON_BLOCKS = YES;
				GCC_OPTIMIZATION_LEVEL = 0;
				GCC_PREPROCESSOR_DEFINITIONS = (
					"DEBUG=1",
					"$(inherited)",
				);
				GCC_WARN_64_TO_32_BIT_CONVERSION = YES;
				GCC_WARN_ABOUT_RETURN_TYPE = YES_ERROR;
				GCC_WARN_UNDECLARED_SELECTOR = YES;
				GCC_WARN_UNINITIALIZED_AUTOS = YES_AGGRESSIVE;
				GCC_WARN_UNUSED_FUNCTION = YES;
				GCC_WARN_UNUSED_VARIABLE = YES;
				MACOSX_DEPLOYMENT_TARGET = 10.13;
				MTL_ENABLE_DEBUG_INFO = YES;
				ONLY_ACTIVE_ARCH = YES;
				SDKROOT = macosx;
			};
			name = Debug;
		};
		187AB1CF1F83D1B400EB91C9 /* Release */ = {
			isa = XCBuildConfiguration;
			buildSettings = {
				ALWAYS_SEARCH_USER_PATHS = NO;
				CLANG_ANALYZER_NONNULL = YES;
				CLANG_CXX_LANGUAGE_STANDARD = "gnu++0x";
				CLANG_CXX_LIBRARY = "libc++";
				CLANG_ENABLE_MODULES = YES;
				CLANG_ENABLE_OBJC_ARC = YES;
				CLANG_WARN_BOOL_CONVERSION = YES;
				CLANG_WARN_CONSTANT_CONVERSION = YES;
				CLANG_WARN_DIRECT_OBJC_ISA_USAGE = YES_ERROR;
				CLANG_WARN_EMPTY_BODY = YES;
				CLANG_WARN_ENUM_CONVERSION = YES;
				CLANG_WARN_INT_CONVERSION = YES;
				CLANG_WARN_OBJC_ROOT_CLASS = YES_ERROR;
				CLANG_WARN_UNREACHABLE_CODE = YES;
				CLANG_WARN__DUPLICATE_METHOD_MATCH = YES;
				CODE_SIGN_IDENTITY = "-";
				COPY_PHASE_STRIP = NO;
				DEBUG_INFORMATION_FORMAT = "dwarf-with-dsym";
				ENABLE_NS_ASSERTIONS = NO;
				ENABLE_STRICT_OBJC_MSGSEND = YES;
				GCC_C_LANGUAGE_STANDARD = gnu99;
				GCC_NO_COMMON_BLOCKS = YES;
				GCC_WARN_64_TO_32_BIT_CONVERSION = YES;
				GCC_WARN_ABOUT_RETURN_TYPE = YES_ERROR;
				GCC_WARN_UNDECLARED_SELECTOR = YES;
				GCC_WARN_UNINITIALIZED_AUTOS = YES_AGGRESSIVE;
				GCC_WARN_UNUSED_FUNCTION = YES;
				GCC_WARN_UNUSED_VARIABLE = YES;
				MACOSX_DEPLOYMENT_TARGET = 10.13;
				MTL_ENABLE_DEBUG_INFO = NO;
				SDKROOT = macosx;
			};
			name = Release;
		};
		187AB1D11F83D1B400EB91C9 /* Debug */ = {
			isa = XCBuildConfiguration;
			buildSettings = {
				PRODUCT_NAME = "$(TARGET_NAME)";
			};
			name = Debug;
		};
		187AB1D21F83D1B400EB91C9 /* Release */ = {
			isa = XCBuildConfiguration;
			buildSettings = {
				PRODUCT_NAME = "$(TARGET_NAME)";
			};
			name = Release;
		};
/* End XCBuildConfiguration section */

/* Begin XCConfigurationList section */
		187AB1C41F83D1B400EB91C9 /* Build configuration list for PBXProject "costoCrociera" */ = {
			isa = XCConfigurationList;
			buildConfigurations = (
				187AB1CE1F83D1B400EB91C9 /* Debug */,
				187AB1CF1F83D1B400EB91C9 /* Release */,
			);
			defaultConfigurationIsVisible = 0;
			defaultConfigurationName = Release;
		};
		187AB1D01F83D1B400EB91C9 /* Build configuration list for PBXNativeTarget "costoCrociera" */ = {
			isa = XCConfigurationList;
			buildConfigurations = (
				187AB1D11F83D1B400EB91C9 /* Debug */,
				187AB1D21F83D1B400EB91C9 /* Release */,
			);
			defaultConfigurationIsVisible = 0;
		};
/* End XCConfigurationList section */
	};
	rootObject = 187AB1C11F83D1B400EB91C9 /* Project object */;
}
